
Microsoft Visual Studio Solution File, Format Version 12.00
# Visual Studio Version 16
VisualStudioVersion = 16.0.31025.194
MinimumVisualStudioVersion = 10.0.40219.1
Project("{FAE04EC0-301F-11D3-BF4B-00C04F79EFBC}") = "Server", "Server.csproj", "{DB2C2449-D5E4-4362-BA5B-3B2F6D5CCDE4}"
EndProject
Project("{FAE04EC0-301F-11D3-BF4B-00C04F79EFBC}") = "Client", "..\Client\Client.csproj", "{83EB0875-CB9B-4483-A65B-09AD501AB544}"
EndProject
Project("{FAE04EC0-301F-11D3-BF4B-00C04F79EFBC}") = "Common", "..\Common\Common.csproj", "{FA059F0C-3F49-4AEC-9EE7-FCCE9470B0CC}"
EndProject
Project("{FAE04EC0-301F-11D3-BF4B-00C04F79EFBC}") = "SecurityManager", "..\SecurityManager\SecurityManager.csproj", "{1CE7535F-5D4D-4EDB-836C-E0AB07189742}"
EndProject
Global
	GlobalSection(SolutionConfigurationPlatforms) = preSolution
		Debug|Any CPU = Debug|Any CPU
		Release|Any CPU = Release|Any CPU
	EndGlobalSection
	GlobalSection(ProjectConfigurationPlatforms) = postSolution
		{DB2C2449-D5E4-4362-BA5B-3B2F6D5CCDE4}.Debug|Any CPU.ActiveCfg = Debug|Any CPU
		{DB2C2449-D5E4-4362-BA5B-3B2F6D5CCDE4}.Debug|Any CPU.Build.0 = Debug|Any CPU
		{DB2C2449-D5E4-4362-BA5B-3B2F6D5CCDE4}.Release|Any CPU.ActiveCfg = Release|Any CPU
		{DB2C2449-D5E4-4362-BA5B-3B2F6D5CCDE4}.Release|Any CPU.Build.0 = Release|Any CPU
		{83EB0875-CB9B-4483-A65B-09AD501AB544}.Debug|Any CPU.ActiveCfg = Debug|Any CPU
		{83EB0875-CB9B-4483-A65B-09AD501AB544}.Debug|Any CPU.Build.0 = Debug|Any CPU
		{83EB0875-CB9B-4483-A65B-09AD501AB544}.Release|Any CPU.ActiveCfg = Release|Any CPU
		{83EB0875-CB9B-4483-A65B-09AD501AB544}.Release|Any CPU.Build.0 = Release|Any CPU
		{FA059F0C-3F49-4AEC-9EE7-FCCE9470B0CC}.Debug|Any CPU.ActiveCfg = Debug|Any CPU
		{FA059F0C-3F49-4AEC-9EE7-FCCE9470B0CC}.Debug|Any CPU.Build.0 = Debug|Any CPU
		{FA059F0C-3F49-4AEC-9EE7-FCCE9470B0CC}.Release|Any CPU.ActiveCfg = Release|Any CPU
		{FA059F0C-3F49-4AEC-9EE7-FCCE9470B0CC}.Release|Any CPU.Build.0 = Release|Any CPU
		{1CE7535F-5D4D-4EDB-836C-E0AB07189742}.Debug|Any CPU.ActiveCfg = Debug|Any CPU
		{1CE7535F-5D4D-4EDB-836C-E0AB07189742}.Debug|Any CPU.Build.0 = Debug|Any CPU
		{1CE7535F-5D4D-4EDB-836C-E0AB07189742}.Release|Any CPU.ActiveCfg = Release|Any CPU
		{1CE7535F-5D4D-4EDB-836C-E0AB07189742}.Release|Any CPU.Build.0 = Release|Any CPU
	EndGlobalSection
	GlobalSection(SolutionProperties) = preSolution
		HideSolutionNode = FALSE
	EndGlobalSection
	GlobalSection(ExtensibilityGlobals) = postSolution
		SolutionGuid = {C92AB445-0672-4FC8-96B7-91A149C65FED}
	EndGlobalSection
EndGlobal
